
Microsoft Visual Studio Solution File, Format Version 12.00
# Visual Studio Version 17
VisualStudioVersion = 17.4.35026.314
MinimumVisualStudioVersion = 10.0.40219.1
Project("{8BC9CEB8-8B4A-11D0-8D11-00A0C91BC942}") = "ConsoleApplication1", "ConsoleApplication1\ConsoleApplication1.vcxproj", "{ADFC0C3F-8400-4588-937B-3DA4FE34702B}"
EndProject
Global
	GlobalSection(SolutionConfigurationPlatforms) = preSolution
		Debug|x64 = Debug|x64
		Debug|x86 = Debug|x86
		Release|x64 = Release|x64
		Release|x86 = Release|x86
	EndGlobalSection
	GlobalSection(ProjectConfigurationPlatforms) = postSolution
		{ADFC0C3F-8400-4588-937B-3DA4FE34702B}.Debug|x64.ActiveCfg = Debug|x64
		{ADFC0C3F-8400-4588-937B-3DA4FE34702B}.Debug|x64.Build.0 = Debug|x64
		{ADFC0C3F-8400-4588-937B-3DA4FE34702B}.Debug|x86.ActiveCfg = Debug|Win32
		{ADFC0C3F-8400-4588-937B-3DA4FE34702B}.Debug|x86.Build.0 = Debug|Win32
		{ADFC0C3F-8400-4588-937B-3DA4FE34702B}.Release|x64.ActiveCfg = Release|x64
		{ADFC0C3F-8400-4588-937B-3DA4FE34702B}.Release|x64.Build.0 = Release|x64
		{ADFC0C3F-8400-4588-937B-3DA4FE34702B}.Release|x86.ActiveCfg = Release|Win32
		{ADFC0C3F-8400-4588-937B-3DA4FE34702B}.Release|x86.Build.0 = Release|Win32
	EndGlobalSection
	GlobalSection(SolutionProperties) = preSolution
		HideSolutionNode = FALSE
	EndGlobalSection
	GlobalSection(ExtensibilityGlobals) = postSolution
		SolutionGuid = {77D40B7F-E637-4D6E-B41F-9D36CCD30CF8}
	EndGlobalSection
EndGlobal
